// !$*UTF8*$!
{
	archiveVersion = 1;
	classes = {
	};
	objectVersion = 51;
	objects = {

/* Begin PBXBuildFile section */
		3D7BC10B24EE823900E4D488 /* GoogleService-Info.plist in Resources */ = {isa = PBXBuildFile; fileRef = 3D7BC10A24EE823900E4D488 /* GoogleService-Info.plist */; };
		3D7BC10D24EE8A9C00E4D488 /* StoreDetailModel.swift in Sources */ = {isa = PBXBuildFile; fileRef = 3D7BC10C24EE8A9C00E4D488 /* StoreDetailModel.swift */; };
		3D7BC10F24EE963B00E4D488 /* StoreDetailCollectionViewController.swift in Sources */ = {isa = PBXBuildFile; fileRef = 3D7BC10E24EE963B00E4D488 /* StoreDetailCollectionViewController.swift */; };
		3EBDAC067B45A375364E78C6 /* Pods_wantchu.framework in Frameworks */ = {isa = PBXBuildFile; fileRef = A1D5F3AEC6514A318F651AC3 /* Pods_wantchu.framework */; };
		DA037F0224EB899300758C51 /* VerifyPhoneNumberViewController.swift in Sources */ = {isa = PBXBuildFile; fileRef = DA037F0124EB899300758C51 /* VerifyPhoneNumberViewController.swift */; };
		DA037F0424EBA8E700758C51 /* FogetPasswordViewController.swift in Sources */ = {isa = PBXBuildFile; fileRef = DA037F0324EBA8E700758C51 /* FogetPasswordViewController.swift */; };
		DA652D0F24ED443300593DB9 /* ForgetPassWordVerifyViewController.swift in Sources */ = {isa = PBXBuildFile; fileRef = DA652D0E24ED443300593DB9 /* ForgetPassWordVerifyViewController.swift */; };
		DA652D1124ED449400593DB9 /* ChangePassViewController.swift in Sources */ = {isa = PBXBuildFile; fileRef = DA652D1024ED449400593DB9 /* ChangePassViewController.swift */; };
		DA652D1324EE4D5600593DB9 /* StoreModel.swift in Sources */ = {isa = PBXBuildFile; fileRef = DA652D1224EE4D5600593DB9 /* StoreModel.swift */; };
		DA652D1824EE4E1500593DB9 /* SideMenuListControllerTableViewController.swift in Sources */ = {isa = PBXBuildFile; fileRef = DA652D1724EE4E1500593DB9 /* SideMenuListControllerTableViewController.swift */; };
		DA652D1D24EE4E6A00593DB9 /* MainViewController.swift in Sources */ = {isa = PBXBuildFile; fileRef = DA652D1C24EE4E6A00593DB9 /* MainViewController.swift */; };
		DA652D1F24EE4ED800593DB9 /* MainShopCollectionViewController.swift in Sources */ = {isa = PBXBuildFile; fileRef = DA652D1E24EE4ED800593DB9 /* MainShopCollectionViewController.swift */; };
		DA652D2924EE4F6900593DB9 /* MainHeader.swift in Sources */ = {isa = PBXBuildFile; fileRef = DA652D2824EE4F6900593DB9 /* MainHeader.swift */; };
		DA652D2B24EE4F7C00593DB9 /* MainHeaderCell.swift in Sources */ = {isa = PBXBuildFile; fileRef = DA652D2A24EE4F7C00593DB9 /* MainHeaderCell.swift */; };
		DA652D2D24EE4F8800593DB9 /* MainCellBottom.swift in Sources */ = {isa = PBXBuildFile; fileRef = DA652D2C24EE4F8800593DB9 /* MainCellBottom.swift */; };
		DA652D2F24EE4F9900593DB9 /* MainShopHeader.swift in Sources */ = {isa = PBXBuildFile; fileRef = DA652D2E24EE4F9900593DB9 /* MainShopHeader.swift */; };
		DA652D3124EE4FA900593DB9 /* MainShopCell.swift in Sources */ = {isa = PBXBuildFile; fileRef = DA652D3024EE4FA900593DB9 /* MainShopCell.swift */; };
		DA652D3324EE526200593DB9 /* SecondViewController.swift in Sources */ = {isa = PBXBuildFile; fileRef = DA652D3224EE526200593DB9 /* SecondViewController.swift */; };
		DA652D3524EE526800593DB9 /* ThirdViewController.swift in Sources */ = {isa = PBXBuildFile; fileRef = DA652D3424EE526800593DB9 /* ThirdViewController.swift */; };
		DA652D3724EE526E00593DB9 /* FourthViewController.swift in Sources */ = {isa = PBXBuildFile; fileRef = DA652D3624EE526E00593DB9 /* FourthViewController.swift */; };
		DA652D3924EE527900593DB9 /* FifthViewController.swift in Sources */ = {isa = PBXBuildFile; fileRef = DA652D3824EE527900593DB9 /* FifthViewController.swift */; };
		DA652D4124EE63BB00593DB9 /* CouponCollectionViewController.swift in Sources */ = {isa = PBXBuildFile; fileRef = DA652D4024EE63BB00593DB9 /* CouponCollectionViewController.swift */; };
		DA652D4424EE66CA00593DB9 /* CouponCollectionViewCell.swift in Sources */ = {isa = PBXBuildFile; fileRef = DA652D4324EE66CA00593DB9 /* CouponCollectionViewCell.swift */; };
		DA652D4624EE670900593DB9 /* CouponCollectionViewHeader.swift in Sources */ = {isa = PBXBuildFile; fileRef = DA652D4524EE670900593DB9 /* CouponCollectionViewHeader.swift */; };
		DA652D4824EE702B00593DB9 /* CouponModel.swift in Sources */ = {isa = PBXBuildFile; fileRef = DA652D4724EE702B00593DB9 /* CouponModel.swift */; };
		DA652D4A24EE74D600593DB9 /* MailExtension.swift in Sources */ = {isa = PBXBuildFile; fileRef = DA652D4924EE74D600593DB9 /* MailExtension.swift */; };
		DA686ACE24EA7A780088A56A /* LogInController.swift in Sources */ = {isa = PBXBuildFile; fileRef = DA686ACD24EA7A780088A56A /* LogInController.swift */; };
		DA686AD024EA7A800088A56A /* SignUpController.swift in Sources */ = {isa = PBXBuildFile; fileRef = DA686ACF24EA7A800088A56A /* SignUpController.swift */; };
		DA686AD624EA7B3C0088A56A /* Extension.swift in Sources */ = {isa = PBXBuildFile; fileRef = DA686AD524EA7B3C0088A56A /* Extension.swift */; };
		DA686AD824EA7B430088A56A /* Utilites.swift in Sources */ = {isa = PBXBuildFile; fileRef = DA686AD724EA7B430088A56A /* Utilites.swift */; };
		DA686ADA24EA7C6E0088A56A /* NetWorkModel.swift in Sources */ = {isa = PBXBuildFile; fileRef = DA686AD924EA7C6E0088A56A /* NetWorkModel.swift */; };
		DA6F0FA924ED05F700F3594E /* MainTableViewController.swift in Sources */ = {isa = PBXBuildFile; fileRef = DA6F0FA824ED05F700F3594E /* MainTableViewController.swift */; };
		DA6F0FAB24ED065400F3594E /* MainTableTableViewCell.swift in Sources */ = {isa = PBXBuildFile; fileRef = DA6F0FAA24ED065400F3594E /* MainTableTableViewCell.swift */; };
		DA6F0FAD24ED07F200F3594E /* TopCollectionViewCell.swift in Sources */ = {isa = PBXBuildFile; fileRef = DA6F0FAC24ED07F200F3594E /* TopCollectionViewCell.swift */; };
		DA6F0FAF24ED07FC00F3594E /* BottomCollectionViewCell.swift in Sources */ = {isa = PBXBuildFile; fileRef = DA6F0FAE24ED07FC00F3594E /* BottomCollectionViewCell.swift */; };
		DA78809324EA514E006743C4 /* AppDelegate.swift in Sources */ = {isa = PBXBuildFile; fileRef = DA78809224EA514E006743C4 /* AppDelegate.swift */; };
		DA78809524EA514E006743C4 /* SceneDelegate.swift in Sources */ = {isa = PBXBuildFile; fileRef = DA78809424EA514E006743C4 /* SceneDelegate.swift */; };
		DA78809A24EA514E006743C4 /* Main.storyboard in Resources */ = {isa = PBXBuildFile; fileRef = DA78809824EA514E006743C4 /* Main.storyboard */; };
		DA78809C24EA514F006743C4 /* Assets.xcassets in Resources */ = {isa = PBXBuildFile; fileRef = DA78809B24EA514F006743C4 /* Assets.xcassets */; };
		DA78809F24EA514F006743C4 /* LaunchScreen.storyboard in Resources */ = {isa = PBXBuildFile; fileRef = DA78809D24EA514F006743C4 /* LaunchScreen.storyboard */; };
		DA8D45C824EB6C3300409CAC /* AuthenticatePhoneViewController.swift in Sources */ = {isa = PBXBuildFile; fileRef = DA8D45C724EB6C3300409CAC /* AuthenticatePhoneViewController.swift */; };
/* End PBXBuildFile section */

/* Begin PBXFileReference section */
		3D7BC10A24EE823900E4D488 /* GoogleService-Info.plist */ = {isa = PBXFileReference; lastKnownFileType = text.plist; path = "GoogleService-Info.plist"; sourceTree = SOURCE_ROOT; };
		3D7BC10C24EE8A9C00E4D488 /* StoreDetailModel.swift */ = {isa = PBXFileReference; lastKnownFileType = sourcecode.swift; path = StoreDetailModel.swift; sourceTree = "<group>"; };
		3D7BC10E24EE963B00E4D488 /* StoreDetailCollectionViewController.swift */ = {isa = PBXFileReference; lastKnownFileType = sourcecode.swift; path = StoreDetailCollectionViewController.swift; sourceTree = "<group>"; };
		88675440AB75BA8CED8CD3B4 /* Pods-wantchu.release.xcconfig */ = {isa = PBXFileReference; includeInIndex = 1; lastKnownFileType = text.xcconfig; name = "Pods-wantchu.release.xcconfig"; path = "Target Support Files/Pods-wantchu/Pods-wantchu.release.xcconfig"; sourceTree = "<group>"; };
		A1D5F3AEC6514A318F651AC3 /* Pods_wantchu.framework */ = {isa = PBXFileReference; explicitFileType = wrapper.framework; includeInIndex = 0; path = Pods_wantchu.framework; sourceTree = BUILT_PRODUCTS_DIR; };
		CC7E2F36F4DD68CABC93BB50 /* Pods-wantchu.debug.xcconfig */ = {isa = PBXFileReference; includeInIndex = 1; lastKnownFileType = text.xcconfig; name = "Pods-wantchu.debug.xcconfig"; path = "Target Support Files/Pods-wantchu/Pods-wantchu.debug.xcconfig"; sourceTree = "<group>"; };
		DA037F0124EB899300758C51 /* VerifyPhoneNumberViewController.swift */ = {isa = PBXFileReference; lastKnownFileType = sourcecode.swift; path = VerifyPhoneNumberViewController.swift; sourceTree = "<group>"; };
		DA037F0324EBA8E700758C51 /* FogetPasswordViewController.swift */ = {isa = PBXFileReference; lastKnownFileType = sourcecode.swift; path = FogetPasswordViewController.swift; sourceTree = "<group>"; };
		DA652D0E24ED443300593DB9 /* ForgetPassWordVerifyViewController.swift */ = {isa = PBXFileReference; lastKnownFileType = sourcecode.swift; path = ForgetPassWordVerifyViewController.swift; sourceTree = "<group>"; };
		DA652D1024ED449400593DB9 /* ChangePassViewController.swift */ = {isa = PBXFileReference; lastKnownFileType = sourcecode.swift; path = ChangePassViewController.swift; sourceTree = "<group>"; };
		DA652D1224EE4D5600593DB9 /* StoreModel.swift */ = {isa = PBXFileReference; lastKnownFileType = sourcecode.swift; path = StoreModel.swift; sourceTree = "<group>"; };
		DA652D1724EE4E1500593DB9 /* SideMenuListControllerTableViewController.swift */ = {isa = PBXFileReference; lastKnownFileType = sourcecode.swift; path = SideMenuListControllerTableViewController.swift; sourceTree = "<group>"; };
		DA652D1C24EE4E6A00593DB9 /* MainViewController.swift */ = {isa = PBXFileReference; lastKnownFileType = sourcecode.swift; path = MainViewController.swift; sourceTree = "<group>"; };
		DA652D1E24EE4ED800593DB9 /* MainShopCollectionViewController.swift */ = {isa = PBXFileReference; lastKnownFileType = sourcecode.swift; path = MainShopCollectionViewController.swift; sourceTree = "<group>"; };
		DA652D2824EE4F6900593DB9 /* MainHeader.swift */ = {isa = PBXFileReference; lastKnownFileType = sourcecode.swift; path = MainHeader.swift; sourceTree = "<group>"; };
		DA652D2A24EE4F7C00593DB9 /* MainHeaderCell.swift */ = {isa = PBXFileReference; lastKnownFileType = sourcecode.swift; path = MainHeaderCell.swift; sourceTree = "<group>"; };
		DA652D2C24EE4F8800593DB9 /* MainCellBottom.swift */ = {isa = PBXFileReference; lastKnownFileType = sourcecode.swift; path = MainCellBottom.swift; sourceTree = "<group>"; };
		DA652D2E24EE4F9900593DB9 /* MainShopHeader.swift */ = {isa = PBXFileReference; lastKnownFileType = sourcecode.swift; path = MainShopHeader.swift; sourceTree = "<group>"; };
		DA652D3024EE4FA900593DB9 /* MainShopCell.swift */ = {isa = PBXFileReference; lastKnownFileType = sourcecode.swift; path = MainShopCell.swift; sourceTree = "<group>"; };
		DA652D3224EE526200593DB9 /* SecondViewController.swift */ = {isa = PBXFileReference; lastKnownFileType = sourcecode.swift; path = SecondViewController.swift; sourceTree = "<group>"; };
		DA652D3424EE526800593DB9 /* ThirdViewController.swift */ = {isa = PBXFileReference; lastKnownFileType = sourcecode.swift; path = ThirdViewController.swift; sourceTree = "<group>"; };
		DA652D3624EE526E00593DB9 /* FourthViewController.swift */ = {isa = PBXFileReference; lastKnownFileType = sourcecode.swift; path = FourthViewController.swift; sourceTree = "<group>"; };
		DA652D3824EE527900593DB9 /* FifthViewController.swift */ = {isa = PBXFileReference; lastKnownFileType = sourcecode.swift; path = FifthViewController.swift; sourceTree = "<group>"; };
		DA652D4024EE63BB00593DB9 /* CouponCollectionViewController.swift */ = {isa = PBXFileReference; lastKnownFileType = sourcecode.swift; path = CouponCollectionViewController.swift; sourceTree = "<group>"; };
		DA652D4324EE66CA00593DB9 /* CouponCollectionViewCell.swift */ = {isa = PBXFileReference; lastKnownFileType = sourcecode.swift; path = CouponCollectionViewCell.swift; sourceTree = "<group>"; };
		DA652D4524EE670900593DB9 /* CouponCollectionViewHeader.swift */ = {isa = PBXFileReference; lastKnownFileType = sourcecode.swift; path = CouponCollectionViewHeader.swift; sourceTree = "<group>"; };
		DA652D4724EE702B00593DB9 /* CouponModel.swift */ = {isa = PBXFileReference; lastKnownFileType = sourcecode.swift; path = CouponModel.swift; sourceTree = "<group>"; };
		DA652D4924EE74D600593DB9 /* MailExtension.swift */ = {isa = PBXFileReference; lastKnownFileType = sourcecode.swift; path = MailExtension.swift; sourceTree = "<group>"; };
		DA686ACD24EA7A780088A56A /* LogInController.swift */ = {isa = PBXFileReference; lastKnownFileType = sourcecode.swift; path = LogInController.swift; sourceTree = "<group>"; };
		DA686ACF24EA7A800088A56A /* SignUpController.swift */ = {isa = PBXFileReference; lastKnownFileType = sourcecode.swift; path = SignUpController.swift; sourceTree = "<group>"; };
		DA686AD524EA7B3C0088A56A /* Extension.swift */ = {isa = PBXFileReference; lastKnownFileType = sourcecode.swift; path = Extension.swift; sourceTree = "<group>"; };
		DA686AD724EA7B430088A56A /* Utilites.swift */ = {isa = PBXFileReference; lastKnownFileType = sourcecode.swift; path = Utilites.swift; sourceTree = "<group>"; };
		DA686AD924EA7C6E0088A56A /* NetWorkModel.swift */ = {isa = PBXFileReference; lastKnownFileType = sourcecode.swift; path = NetWorkModel.swift; sourceTree = "<group>"; };
		DA6F0FA824ED05F700F3594E /* MainTableViewController.swift */ = {isa = PBXFileReference; lastKnownFileType = sourcecode.swift; path = MainTableViewController.swift; sourceTree = "<group>"; };
		DA6F0FAA24ED065400F3594E /* MainTableTableViewCell.swift */ = {isa = PBXFileReference; lastKnownFileType = sourcecode.swift; path = MainTableTableViewCell.swift; sourceTree = "<group>"; };
		DA6F0FAC24ED07F200F3594E /* TopCollectionViewCell.swift */ = {isa = PBXFileReference; lastKnownFileType = sourcecode.swift; path = TopCollectionViewCell.swift; sourceTree = "<group>"; };
		DA6F0FAE24ED07FC00F3594E /* BottomCollectionViewCell.swift */ = {isa = PBXFileReference; lastKnownFileType = sourcecode.swift; path = BottomCollectionViewCell.swift; sourceTree = "<group>"; };
		DA78808F24EA514E006743C4 /* wantchu.app */ = {isa = PBXFileReference; explicitFileType = wrapper.application; includeInIndex = 0; path = wantchu.app; sourceTree = BUILT_PRODUCTS_DIR; };
		DA78809224EA514E006743C4 /* AppDelegate.swift */ = {isa = PBXFileReference; lastKnownFileType = sourcecode.swift; path = AppDelegate.swift; sourceTree = "<group>"; };
		DA78809424EA514E006743C4 /* SceneDelegate.swift */ = {isa = PBXFileReference; lastKnownFileType = sourcecode.swift; path = SceneDelegate.swift; sourceTree = "<group>"; };
		DA78809924EA514E006743C4 /* Base */ = {isa = PBXFileReference; lastKnownFileType = file.storyboard; name = Base; path = Base.lproj/Main.storyboard; sourceTree = "<group>"; };
		DA78809B24EA514F006743C4 /* Assets.xcassets */ = {isa = PBXFileReference; lastKnownFileType = folder.assetcatalog; path = Assets.xcassets; sourceTree = "<group>"; };
		DA78809E24EA514F006743C4 /* Base */ = {isa = PBXFileReference; lastKnownFileType = file.storyboard; name = Base; path = Base.lproj/LaunchScreen.storyboard; sourceTree = "<group>"; };
		DA7880A024EA514F006743C4 /* Info.plist */ = {isa = PBXFileReference; lastKnownFileType = text.plist.xml; path = Info.plist; sourceTree = "<group>"; };
		DA8D45C724EB6C3300409CAC /* AuthenticatePhoneViewController.swift */ = {isa = PBXFileReference; lastKnownFileType = sourcecode.swift; path = AuthenticatePhoneViewController.swift; sourceTree = "<group>"; };
		DA8D45C924EB6F1100409CAC /* wantchu.entitlements */ = {isa = PBXFileReference; lastKnownFileType = text.plist.entitlements; path = wantchu.entitlements; sourceTree = "<group>"; };
/* End PBXFileReference section */

/* Begin PBXFrameworksBuildPhase section */
		DA78808C24EA514E006743C4 /* Frameworks */ = {
			isa = PBXFrameworksBuildPhase;
			buildActionMask = 2147483647;
			files = (
				3EBDAC067B45A375364E78C6 /* Pods_wantchu.framework in Frameworks */,
			);
			runOnlyForDeploymentPostprocessing = 0;
		};
/* End PBXFrameworksBuildPhase section */

/* Begin PBXGroup section */
		2D5C61D75AFF3DAD733D6A0C /* Pods */ = {
			isa = PBXGroup;
			children = (
				CC7E2F36F4DD68CABC93BB50 /* Pods-wantchu.debug.xcconfig */,
				88675440AB75BA8CED8CD3B4 /* Pods-wantchu.release.xcconfig */,
			);
			path = Pods;
			sourceTree = "<group>";
		};
		DA652D1424EE4DB300593DB9 /* View */ = {
			isa = PBXGroup;
			children = (
				DA652D4224EE66AE00593DB9 /* SideMenu */,
				DA652D2824EE4F6900593DB9 /* MainHeader.swift */,
				DA652D2A24EE4F7C00593DB9 /* MainHeaderCell.swift */,
				DA652D2C24EE4F8800593DB9 /* MainCellBottom.swift */,
				DA652D2E24EE4F9900593DB9 /* MainShopHeader.swift */,
				DA652D3024EE4FA900593DB9 /* MainShopCell.swift */,
			);
			path = View;
			sourceTree = "<group>";
		};
		DA652D1524EE4DBB00593DB9 /* ViewModel */ = {
			isa = PBXGroup;
			children = (
			);
			path = ViewModel;
			sourceTree = "<group>";
		};
		DA652D1624EE4DDC00593DB9 /* SideMenu */ = {
			isa = PBXGroup;
			children = (
				DA652D1724EE4E1500593DB9 /* SideMenuListControllerTableViewController.swift */,
				DA652D4024EE63BB00593DB9 /* CouponCollectionViewController.swift */,
			);
			path = SideMenu;
			sourceTree = "<group>";
		};
		DA652D1924EE4E3D00593DB9 /* practice */ = {
			isa = PBXGroup;
			children = (
				DA6F0FA824ED05F700F3594E /* MainTableViewController.swift */,
				DA6F0FAC24ED07F200F3594E /* TopCollectionViewCell.swift */,
				DA6F0FAE24ED07FC00F3594E /* BottomCollectionViewCell.swift */,
				DA6F0FAA24ED065400F3594E /* MainTableTableViewCell.swift */,
			);
			path = practice;
			sourceTree = "<group>";
		};
		DA652D1A24EE4E5700593DB9 /* Main */ = {
			isa = PBXGroup;
			children = (
				DA652D1C24EE4E6A00593DB9 /* MainViewController.swift */,
				DA652D1E24EE4ED800593DB9 /* MainShopCollectionViewController.swift */,
				3D7BC10E24EE963B00E4D488 /* StoreDetailCollectionViewController.swift */,
				DA652D3224EE526200593DB9 /* SecondViewController.swift */,
				DA652D3424EE526800593DB9 /* ThirdViewController.swift */,
				DA652D3624EE526E00593DB9 /* FourthViewController.swift */,
				DA652D3824EE527900593DB9 /* FifthViewController.swift */,
			);
			path = Main;
			sourceTree = "<group>";
		};
		DA652D4224EE66AE00593DB9 /* SideMenu */ = {
			isa = PBXGroup;
			children = (
				DA652D4324EE66CA00593DB9 /* CouponCollectionViewCell.swift */,
				DA652D4524EE670900593DB9 /* CouponCollectionViewHeader.swift */,
			);
			path = SideMenu;
			sourceTree = "<group>";
		};
		DA686AC724EA7A210088A56A /* Utils */ = {
			isa = PBXGroup;
			children = (
				DA686AD524EA7B3C0088A56A /* Extension.swift */,
				DA686AD724EA7B430088A56A /* Utilites.swift */,
				DA652D4924EE74D600593DB9 /* MailExtension.swift */,
			);
			path = Utils;
			sourceTree = "<group>";
		};
		DA686ACC24EA7A670088A56A /* Controller */ = {
			isa = PBXGroup;
			children = (
				DA652D1A24EE4E5700593DB9 /* Main */,
				DA652D1624EE4DDC00593DB9 /* SideMenu */,
				DA6F0FA724ECF79400F3594E /* Authentication */,
			);
			path = Controller;
			sourceTree = "<group>";
		};
		DA686AD124EA7A870088A56A /* Model */ = {
			isa = PBXGroup;
			children = (
				DA686AD924EA7C6E0088A56A /* NetWorkModel.swift */,
				DA652D1224EE4D5600593DB9 /* StoreModel.swift */,
				DA652D4724EE702B00593DB9 /* CouponModel.swift */,
				3D7BC10C24EE8A9C00E4D488 /* StoreDetailModel.swift */,
			);
			path = Model;
			sourceTree = "<group>";
		};
		DA6F0FA724ECF79400F3594E /* Authentication */ = {
			isa = PBXGroup;
			children = (
				DA686ACF24EA7A800088A56A /* SignUpController.swift */,
				DA686ACD24EA7A780088A56A /* LogInController.swift */,
				DA8D45C724EB6C3300409CAC /* AuthenticatePhoneViewController.swift */,
				DA037F0124EB899300758C51 /* VerifyPhoneNumberViewController.swift */,
				DA037F0324EBA8E700758C51 /* FogetPasswordViewController.swift */,
				DA652D0E24ED443300593DB9 /* ForgetPassWordVerifyViewController.swift */,
				DA652D1024ED449400593DB9 /* ChangePassViewController.swift */,
			);
			path = Authentication;
			sourceTree = "<group>";
		};
		DA78808624EA514E006743C4 = {
			isa = PBXGroup;
			children = (
				DA78809124EA514E006743C4 /* wantchu */,
				DA652D1924EE4E3D00593DB9 /* practice */,
				DA652D1524EE4DBB00593DB9 /* ViewModel */,
				DA78809024EA514E006743C4 /* Products */,
				2D5C61D75AFF3DAD733D6A0C /* Pods */,
				F01E6C39E8126568BCFCC552 /* Frameworks */,
			);
			sourceTree = "<group>";
		};
		DA78809024EA514E006743C4 /* Products */ = {
			isa = PBXGroup;
			children = (
				DA78808F24EA514E006743C4 /* wantchu.app */,
			);
			name = Products;
			sourceTree = "<group>";
		};
		DA78809124EA514E006743C4 /* wantchu */ = {
			isa = PBXGroup;
			children = (
				DA8D45C924EB6F1100409CAC /* wantchu.entitlements */,
				DA686AD124EA7A870088A56A /* Model */,
				DA686ACC24EA7A670088A56A /* Controller */,
				DA686AC724EA7A210088A56A /* Utils */,
				DA652D1424EE4DB300593DB9 /* View */,
				DA78809824EA514E006743C4 /* Main.storyboard */,
				DA78809B24EA514F006743C4 /* Assets.xcassets */,
				DA78809D24EA514F006743C4 /* LaunchScreen.storyboard */,
				DA7880A024EA514F006743C4 /* Info.plist */,
				3D7BC10A24EE823900E4D488 /* GoogleService-Info.plist */,
				DA78809224EA514E006743C4 /* AppDelegate.swift */,
				DA78809424EA514E006743C4 /* SceneDelegate.swift */,
			);
			path = wantchu;
			sourceTree = "<group>";
		};
		F01E6C39E8126568BCFCC552 /* Frameworks */ = {
			isa = PBXGroup;
			children = (
				A1D5F3AEC6514A318F651AC3 /* Pods_wantchu.framework */,
			);
			name = Frameworks;
			sourceTree = "<group>";
		};
/* End PBXGroup section */

/* Begin PBXNativeTarget section */
		DA78808E24EA514E006743C4 /* wantchu */ = {
			isa = PBXNativeTarget;
			buildConfigurationList = DA7880A324EA514F006743C4 /* Build configuration list for PBXNativeTarget "wantchu" */;
			buildPhases = (
				ACD0E1DA893D3672D503EE6A /* [CP] Check Pods Manifest.lock */,
				DA78808B24EA514E006743C4 /* Sources */,
				DA78808C24EA514E006743C4 /* Frameworks */,
				DA78808D24EA514E006743C4 /* Resources */,
				1E9367F77C3117A83694998F /* [CP] Embed Pods Frameworks */,
			);
			buildRules = (
			);
			dependencies = (
			);
			name = wantchu;
			productName = wantchu;
			productReference = DA78808F24EA514E006743C4 /* wantchu.app */;
			productType = "com.apple.product-type.application";
		};
/* End PBXNativeTarget section */

/* Begin PBXProject section */
		DA78808724EA514E006743C4 /* Project object */ = {
			isa = PBXProject;
			attributes = {
				LastSwiftUpdateCheck = 1160;
				LastUpgradeCheck = 1160;
				ORGANIZATIONNAME = Dustin;
				TargetAttributes = {
					DA78808E24EA514E006743C4 = {
						CreatedOnToolsVersion = 11.6;
					};
				};
			};
			buildConfigurationList = DA78808A24EA514E006743C4 /* Build configuration list for PBXProject "wantchu" */;
			compatibilityVersion = "Xcode 9.3";
			developmentRegion = en;
			hasScannedForEncodings = 0;
			knownRegions = (
				en,
				Base,
			);
			mainGroup = DA78808624EA514E006743C4;
			productRefGroup = DA78809024EA514E006743C4 /* Products */;
			projectDirPath = "";
			projectRoot = "";
			targets = (
				DA78808E24EA514E006743C4 /* wantchu */,
			);
		};
/* End PBXProject section */

/* Begin PBXResourcesBuildPhase section */
		DA78808D24EA514E006743C4 /* Resources */ = {
			isa = PBXResourcesBuildPhase;
			buildActionMask = 2147483647;
			files = (
				DA78809F24EA514F006743C4 /* LaunchScreen.storyboard in Resources */,
				3D7BC10B24EE823900E4D488 /* GoogleService-Info.plist in Resources */,
				DA78809C24EA514F006743C4 /* Assets.xcassets in Resources */,
				DA78809A24EA514E006743C4 /* Main.storyboard in Resources */,
			);
			runOnlyForDeploymentPostprocessing = 0;
		};
/* End PBXResourcesBuildPhase section */

/* Begin PBXShellScriptBuildPhase section */
		1E9367F77C3117A83694998F /* [CP] Embed Pods Frameworks */ = {
			isa = PBXShellScriptBuildPhase;
			buildActionMask = 2147483647;
			files = (
			);
			inputFileListPaths = (
				"${PODS_ROOT}/Target Support Files/Pods-wantchu/Pods-wantchu-frameworks-${CONFIGURATION}-input-files.xcfilelist",
			);
			name = "[CP] Embed Pods Frameworks";
			outputFileListPaths = (
				"${PODS_ROOT}/Target Support Files/Pods-wantchu/Pods-wantchu-frameworks-${CONFIGURATION}-output-files.xcfilelist",
			);
			runOnlyForDeploymentPostprocessing = 0;
			shellPath = /bin/sh;
			shellScript = "\"${PODS_ROOT}/Target Support Files/Pods-wantchu/Pods-wantchu-frameworks.sh\"\n";
			showEnvVarsInLog = 0;
		};
		ACD0E1DA893D3672D503EE6A /* [CP] Check Pods Manifest.lock */ = {
			isa = PBXShellScriptBuildPhase;
			buildActionMask = 2147483647;
			files = (
			);
			inputFileListPaths = (
			);
			inputPaths = (
				"${PODS_PODFILE_DIR_PATH}/Podfile.lock",
				"${PODS_ROOT}/Manifest.lock",
			);
			name = "[CP] Check Pods Manifest.lock";
			outputFileListPaths = (
			);
			outputPaths = (
				"$(DERIVED_FILE_DIR)/Pods-wantchu-checkManifestLockResult.txt",
			);
			runOnlyForDeploymentPostprocessing = 0;
			shellPath = /bin/sh;
			shellScript = "diff \"${PODS_PODFILE_DIR_PATH}/Podfile.lock\" \"${PODS_ROOT}/Manifest.lock\" > /dev/null\nif [ $? != 0 ] ; then\n    # print error to STDERR\n    echo \"error: The sandbox is not in sync with the Podfile.lock. Run 'pod install' or update your CocoaPods installation.\" >&2\n    exit 1\nfi\n# This output is used by Xcode 'outputs' to avoid re-running this script phase.\necho \"SUCCESS\" > \"${SCRIPT_OUTPUT_FILE_0}\"\n";
			showEnvVarsInLog = 0;
		};
/* End PBXShellScriptBuildPhase section */

/* Begin PBXSourcesBuildPhase section */
		DA78808B24EA514E006743C4 /* Sources */ = {
			isa = PBXSourcesBuildPhase;
			buildActionMask = 2147483647;
			files = (
				DA652D3924EE527900593DB9 /* FifthViewController.swift in Sources */,
				DA652D2924EE4F6900593DB9 /* MainHeader.swift in Sources */,
				DA652D2B24EE4F7C00593DB9 /* MainHeaderCell.swift in Sources */,
				DA652D1324EE4D5600593DB9 /* StoreModel.swift in Sources */,
				DA652D1824EE4E1500593DB9 /* SideMenuListControllerTableViewController.swift in Sources */,
				DA652D2D24EE4F8800593DB9 /* MainCellBottom.swift in Sources */,
				DA6F0FAD24ED07F200F3594E /* TopCollectionViewCell.swift in Sources */,
				DA652D3324EE526200593DB9 /* SecondViewController.swift in Sources */,
				DA6F0FAF24ED07FC00F3594E /* BottomCollectionViewCell.swift in Sources */,
				DA8D45C824EB6C3300409CAC /* AuthenticatePhoneViewController.swift in Sources */,
				3D7BC10D24EE8A9C00E4D488 /* StoreDetailModel.swift in Sources */,
				DA652D1D24EE4E6A00593DB9 /* MainViewController.swift in Sources */,
				DA686AD624EA7B3C0088A56A /* Extension.swift in Sources */,
				DA652D4124EE63BB00593DB9 /* CouponCollectionViewController.swift in Sources */,
				DA78809324EA514E006743C4 /* AppDelegate.swift in Sources */,
				DA652D1124ED449400593DB9 /* ChangePassViewController.swift in Sources */,
				DA652D4424EE66CA00593DB9 /* CouponCollectionViewCell.swift in Sources */,
				DA037F0424EBA8E700758C51 /* FogetPasswordViewController.swift in Sources */,
				DA652D3124EE4FA900593DB9 /* MainShopCell.swift in Sources */,
				3D7BC10F24EE963B00E4D488 /* StoreDetailCollectionViewController.swift in Sources */,
				DA686ACE24EA7A780088A56A /* LogInController.swift in Sources */,
				DA78809524EA514E006743C4 /* SceneDelegate.swift in Sources */,
				DA037F0224EB899300758C51 /* VerifyPhoneNumberViewController.swift in Sources */,
				DA6F0FAB24ED065400F3594E /* MainTableTableViewCell.swift in Sources */,
				DA652D3524EE526800593DB9 /* ThirdViewController.swift in Sources */,
				DA652D3724EE526E00593DB9 /* FourthViewController.swift in Sources */,
				DA652D4A24EE74D600593DB9 /* MailExtension.swift in Sources */,
				DA6F0FA924ED05F700F3594E /* MainTableViewController.swift in Sources */,
				DA652D1F24EE4ED800593DB9 /* MainShopCollectionViewController.swift in Sources */,
				DA652D4824EE702B00593DB9 /* CouponModel.swift in Sources */,
				DA686ADA24EA7C6E0088A56A /* NetWorkModel.swift in Sources */,
				DA652D2F24EE4F9900593DB9 /* MainShopHeader.swift in Sources */,
				DA686AD824EA7B430088A56A /* Utilites.swift in Sources */,
				DA686AD024EA7A800088A56A /* SignUpController.swift in Sources */,
				DA652D4624EE670900593DB9 /* CouponCollectionViewHeader.swift in Sources */,
				DA652D0F24ED443300593DB9 /* ForgetPassWordVerifyViewController.swift in Sources */,
			);
			runOnlyForDeploymentPostprocessing = 0;
		};
/* End PBXSourcesBuildPhase section */

/* Begin PBXVariantGroup section */
		DA78809824EA514E006743C4 /* Main.storyboard */ = {
			isa = PBXVariantGroup;
			children = (
				DA78809924EA514E006743C4 /* Base */,
			);
			name = Main.storyboard;
			sourceTree = "<group>";
		};
		DA78809D24EA514F006743C4 /* LaunchScreen.storyboard */ = {
			isa = PBXVariantGroup;
			children = (
				DA78809E24EA514F006743C4 /* Base */,
			);
			name = LaunchScreen.storyboard;
			sourceTree = "<group>";
		};
/* End PBXVariantGroup section */

/* Begin XCBuildConfiguration section */
		DA7880A124EA514F006743C4 /* Debug */ = {
			isa = XCBuildConfiguration;
			buildSettings = {
				ALWAYS_SEARCH_USER_PATHS = NO;
				CLANG_ANALYZER_NONNULL = YES;
				CLANG_ANALYZER_NUMBER_OBJECT_CONVERSION = YES_AGGRESSIVE;
				CLANG_CXX_LANGUAGE_STANDARD = "gnu++14";
				CLANG_CXX_LIBRARY = "libc++";
				CLANG_ENABLE_MODULES = YES;
				CLANG_ENABLE_OBJC_ARC = YES;
				CLANG_ENABLE_OBJC_WEAK = YES;
				CLANG_WARN_BLOCK_CAPTURE_AUTORELEASING = YES;
				CLANG_WARN_BOOL_CONVERSION = YES;
				CLANG_WARN_COMMA = YES;
				CLANG_WARN_CONSTANT_CONVERSION = YES;
				CLANG_WARN_DEPRECATED_OBJC_IMPLEMENTATIONS = YES;
				CLANG_WARN_DIRECT_OBJC_ISA_USAGE = YES_ERROR;
				CLANG_WARN_DOCUMENTATION_COMMENTS = YES;
				CLANG_WARN_EMPTY_BODY = YES;
				CLANG_WARN_ENUM_CONVERSION = YES;
				CLANG_WARN_INFINITE_RECURSION = YES;
				CLANG_WARN_INT_CONVERSION = YES;
				CLANG_WARN_NON_LITERAL_NULL_CONVERSION = YES;
				CLANG_WARN_OBJC_IMPLICIT_RETAIN_SELF = YES;
				CLANG_WARN_OBJC_LITERAL_CONVERSION = YES;
				CLANG_WARN_OBJC_ROOT_CLASS = YES_ERROR;
				CLANG_WARN_RANGE_LOOP_ANALYSIS = YES;
				CLANG_WARN_STRICT_PROTOTYPES = YES;
				CLANG_WARN_SUSPICIOUS_MOVE = YES;
				CLANG_WARN_UNGUARDED_AVAILABILITY = YES_AGGRESSIVE;
				CLANG_WARN_UNREACHABLE_CODE = YES;
				CLANG_WARN__DUPLICATE_METHOD_MATCH = YES;
				COPY_PHASE_STRIP = NO;
				DEBUG_INFORMATION_FORMAT = dwarf;
				ENABLE_STRICT_OBJC_MSGSEND = YES;
				ENABLE_TESTABILITY = YES;
				GCC_C_LANGUAGE_STANDARD = gnu11;
				GCC_DYNAMIC_NO_PIC = NO;
				GCC_NO_COMMON_BLOCKS = YES;
				GCC_OPTIMIZATION_LEVEL = 0;
				GCC_PREPROCESSOR_DEFINITIONS = (
					"DEBUG=1",
					"$(inherited)",
				);
				GCC_WARN_64_TO_32_BIT_CONVERSION = YES;
				GCC_WARN_ABOUT_RETURN_TYPE = YES_ERROR;
				GCC_WARN_UNDECLARED_SELECTOR = YES;
				GCC_WARN_UNINITIALIZED_AUTOS = YES_AGGRESSIVE;
				GCC_WARN_UNUSED_FUNCTION = YES;
				GCC_WARN_UNUSED_VARIABLE = YES;
				IPHONEOS_DEPLOYMENT_TARGET = 13.6;
				MTL_ENABLE_DEBUG_INFO = INCLUDE_SOURCE;
				MTL_FAST_MATH = YES;
				ONLY_ACTIVE_ARCH = YES;
				SDKROOT = iphoneos;
				SWIFT_ACTIVE_COMPILATION_CONDITIONS = DEBUG;
				SWIFT_OPTIMIZATION_LEVEL = "-Onone";
			};
			name = Debug;
		};
		DA7880A224EA514F006743C4 /* Release */ = {
			isa = XCBuildConfiguration;
			buildSettings = {
				ALWAYS_SEARCH_USER_PATHS = NO;
				CLANG_ANALYZER_NONNULL = YES;
				CLANG_ANALYZER_NUMBER_OBJECT_CONVERSION = YES_AGGRESSIVE;
				CLANG_CXX_LANGUAGE_STANDARD = "gnu++14";
				CLANG_CXX_LIBRARY = "libc++";
				CLANG_ENABLE_MODULES = YES;
				CLANG_ENABLE_OBJC_ARC = YES;
				CLANG_ENABLE_OBJC_WEAK = YES;
				CLANG_WARN_BLOCK_CAPTURE_AUTORELEASING = YES;
				CLANG_WARN_BOOL_CONVERSION = YES;
				CLANG_WARN_COMMA = YES;
				CLANG_WARN_CONSTANT_CONVERSION = YES;
				CLANG_WARN_DEPRECATED_OBJC_IMPLEMENTATIONS = YES;
				CLANG_WARN_DIRECT_OBJC_ISA_USAGE = YES_ERROR;
				CLANG_WARN_DOCUMENTATION_COMMENTS = YES;
				CLANG_WARN_EMPTY_BODY = YES;
				CLANG_WARN_ENUM_CONVERSION = YES;
				CLANG_WARN_INFINITE_RECURSION = YES;
				CLANG_WARN_INT_CONVERSION = YES;
				CLANG_WARN_NON_LITERAL_NULL_CONVERSION = YES;
				CLANG_WARN_OBJC_IMPLICIT_RETAIN_SELF = YES;
				CLANG_WARN_OBJC_LITERAL_CONVERSION = YES;
				CLANG_WARN_OBJC_ROOT_CLASS = YES_ERROR;
				CLANG_WARN_RANGE_LOOP_ANALYSIS = YES;
				CLANG_WARN_STRICT_PROTOTYPES = YES;
				CLANG_WARN_SUSPICIOUS_MOVE = YES;
				CLANG_WARN_UNGUARDED_AVAILABILITY = YES_AGGRESSIVE;
				CLANG_WARN_UNREACHABLE_CODE = YES;
				CLANG_WARN__DUPLICATE_METHOD_MATCH = YES;
				COPY_PHASE_STRIP = NO;
				DEBUG_INFORMATION_FORMAT = "dwarf-with-dsym";
				ENABLE_NS_ASSERTIONS = NO;
				ENABLE_STRICT_OBJC_MSGSEND = YES;
				GCC_C_LANGUAGE_STANDARD = gnu11;
				GCC_NO_COMMON_BLOCKS = YES;
				GCC_WARN_64_TO_32_BIT_CONVERSION = YES;
				GCC_WARN_ABOUT_RETURN_TYPE = YES_ERROR;
				GCC_WARN_UNDECLARED_SELECTOR = YES;
				GCC_WARN_UNINITIALIZED_AUTOS = YES_AGGRESSIVE;
				GCC_WARN_UNUSED_FUNCTION = YES;
				GCC_WARN_UNUSED_VARIABLE = YES;
				IPHONEOS_DEPLOYMENT_TARGET = 13.6;
				MTL_ENABLE_DEBUG_INFO = NO;
				MTL_FAST_MATH = YES;
				SDKROOT = iphoneos;
				SWIFT_COMPILATION_MODE = wholemodule;
				SWIFT_OPTIMIZATION_LEVEL = "-O";
				VALIDATE_PRODUCT = YES;
			};
			name = Release;
		};
		DA7880A424EA514F006743C4 /* Debug */ = {
			isa = XCBuildConfiguration;
			baseConfigurationReference = CC7E2F36F4DD68CABC93BB50 /* Pods-wantchu.debug.xcconfig */;
			buildSettings = {
				ASSETCATALOG_COMPILER_APPICON_NAME = AppIcon;
				CODE_SIGN_ENTITLEMENTS = wantchu/wantchu.entitlements;
				CODE_SIGN_STYLE = Automatic;
				DEVELOPMENT_TEAM = 3VT454RG8M;
				INFOPLIST_FILE = wantchu/Info.plist;
				LD_RUNPATH_SEARCH_PATHS = (
					"$(inherited)",
					"@executable_path/Frameworks",
				);
				PRODUCT_BUNDLE_IDENTIFIER = com.Dustin.wantchu;
				PRODUCT_NAME = "$(TARGET_NAME)";
				SWIFT_VERSION = 5.0;
				TARGETED_DEVICE_FAMILY = "1,2";
			};
			name = Debug;
		};
		DA7880A524EA514F006743C4 /* Release */ = {
			isa = XCBuildConfiguration;
			baseConfigurationReference = 88675440AB75BA8CED8CD3B4 /* Pods-wantchu.release.xcconfig */;
			buildSettings = {
				ASSETCATALOG_COMPILER_APPICON_NAME = AppIcon;
				CODE_SIGN_ENTITLEMENTS = wantchu/wantchu.entitlements;
				CODE_SIGN_STYLE = Automatic;
				DEVELOPMENT_TEAM = 3VT454RG8M;
				INFOPLIST_FILE = wantchu/Info.plist;
				LD_RUNPATH_SEARCH_PATHS = (
					"$(inherited)",
					"@executable_path/Frameworks",
				);
				PRODUCT_BUNDLE_IDENTIFIER = com.Dustin.wantchu;
				PRODUCT_NAME = "$(TARGET_NAME)";
				SWIFT_VERSION = 5.0;
				TARGETED_DEVICE_FAMILY = "1,2";
			};
			name = Release;
		};
/* End XCBuildConfiguration section */

/* Begin XCConfigurationList section */
		DA78808A24EA514E006743C4 /* Build configuration list for PBXProject "wantchu" */ = {
			isa = XCConfigurationList;
			buildConfigurations = (
				DA7880A124EA514F006743C4 /* Debug */,
				DA7880A224EA514F006743C4 /* Release */,
			);
			defaultConfigurationIsVisible = 0;
			defaultConfigurationName = Release;
		};
		DA7880A324EA514F006743C4 /* Build configuration list for PBXNativeTarget "wantchu" */ = {
			isa = XCConfigurationList;
			buildConfigurations = (
				DA7880A424EA514F006743C4 /* Debug */,
				DA7880A524EA514F006743C4 /* Release */,
			);
			defaultConfigurationIsVisible = 0;
			defaultConfigurationName = Release;
		};
/* End XCConfigurationList section */
	};
	rootObject = DA78808724EA514E006743C4 /* Project object */;
}
